// !$*UTF8*$!
{
	archiveVersion = 1;
	classes = {
	};
	objectVersion = 77;
	objects = {

/* Begin PBXBuildFile section */
		888EEF9186617F27ED915E8F /* Foundation.framework in Frameworks */ = {isa = PBXBuildFile; fileRef = C6D48E00D57C23A5B07C64D1 /* Foundation.framework */; };
		B8487E557152BA1567F248F4 /* WelcomTalkUITests.swift in Sources */ = {isa = PBXBuildFile; fileRef = 5D49657A1EDE050C8A6A735F /* WelcomTalkUITests.swift */; };
		CB3EA88D6ADA36FDE5399B97 /* CreateSessionUITests.swift in Sources */ = {isa = PBXBuildFile; fileRef = 9769D2DDC9726041DE15CBCB /* CreateSessionUITests.swift */; };
		DC149EA5777ABCF4A49216A1 /* DemoSessionUITests.swift in Sources */ = {isa = PBXBuildFile; fileRef = 0961C025A448FB2D1A855E79 /* DemoSessionUITests.swift */; };
		FE0F669B13D977F6D1B0AD56 /* JoinSessionUITests.swift in Sources */ = {isa = PBXBuildFile; fileRef = 1DF09C87B3FD464BEDFF9E7A /* JoinSessionUITests.swift */; };
/* End PBXBuildFile section */

/* Begin PBXContainerItemProxy section */
		58C053E3C8BB7D58B498ECE4 /* PBXContainerItemProxy */ = {
			isa = PBXContainerItemProxy;
			containerPortal = 1F1DBC832F5C266800D6E7D9 /* Project object */;
			proxyType = 1;
			remoteGlobalIDString = 1F1DBC8A2F5C266800D6E7D9;
			remoteInfo = WelcomTalk;
		};
/* End PBXContainerItemProxy section */

/* Begin PBXFileReference section */
		0961C025A448FB2D1A855E79 /* DemoSessionUITests.swift */ = {isa = PBXFileReference; includeInIndex = 1; lastKnownFileType = sourcecode.swift; path = DemoSessionUITests.swift; sourceTree = "<group>"; };
		1DF09C87B3FD464BEDFF9E7A /* JoinSessionUITests.swift */ = {isa = PBXFileReference; includeInIndex = 1; lastKnownFileType = sourcecode.swift; path = JoinSessionUITests.swift; sourceTree = "<group>"; };
		1F1DBC8B2F5C266800D6E7D9 /* WelcomTalk.app */ = {isa = PBXFileReference; explicitFileType = wrapper.application; includeInIndex = 0; path = WelcomTalk.app; sourceTree = BUILT_PRODUCTS_DIR; };
		5D49657A1EDE050C8A6A735F /* WelcomTalkUITests.swift */ = {isa = PBXFileReference; includeInIndex = 1; lastKnownFileType = sourcecode.swift; path = WelcomTalkUITests.swift; sourceTree = "<group>"; };
		9769D2DDC9726041DE15CBCB /* CreateSessionUITests.swift */ = {isa = PBXFileReference; includeInIndex = 1; lastKnownFileType = sourcecode.swift; path = CreateSessionUITests.swift; sourceTree = "<group>"; };
		AA9BD3EE0B47552B1F8DE3DF /* WelcomTalkUITests.xctest */ = {isa = PBXFileReference; explicitFileType = wrapper.cfbundle; includeInIndex = 0; path = WelcomTalkUITests.xctest; sourceTree = BUILT_PRODUCTS_DIR; };
		C6D48E00D57C23A5B07C64D1 /* Foundation.framework */ = {isa = PBXFileReference; lastKnownFileType = wrapper.framework; name = Foundation.framework; path = Platforms/iPhoneOS.platform/Developer/SDKs/iPhoneOS18.0.sdk/System/Library/Frameworks/Foundation.framework; sourceTree = DEVELOPER_DIR; };
/* End PBXFileReference section */

/* Begin PBXFileSystemSynchronizedRootGroup section */
		1F1DBC8D2F5C266800D6E7D9 /* WelcomTalk */ = {
			isa = PBXFileSystemSynchronizedRootGroup;
			path = WelcomTalk;
			sourceTree = "<group>";
		};
/* End PBXFileSystemSynchronizedRootGroup section */

/* Begin PBXFrameworksBuildPhase section */
		1F1DBC882F5C266800D6E7D9 /* Frameworks */ = {
			isa = PBXFrameworksBuildPhase;
			buildActionMask = 2147483647;
			files = (
			);
			runOnlyForDeploymentPostprocessing = 0;
		};
		9E309753725376A4539E3EE6 /* Frameworks */ = {
			isa = PBXFrameworksBuildPhase;
			buildActionMask = 2147483647;
			files = (
				888EEF9186617F27ED915E8F /* Foundation.framework in Frameworks */,
			);
			runOnlyForDeploymentPostprocessing = 0;
		};
/* End PBXFrameworksBuildPhase section */

/* Begin PBXGroup section */
		1F1DBC822F5C266800D6E7D9 = {
			isa = PBXGroup;
			children = (
				1F1DBC8D2F5C266800D6E7D9 /* WelcomTalk */,
				1F1DBC8C2F5C266800D6E7D9 /* Products */,
				334021AE14444FD80B0D2BC0 /* Frameworks */,
				8CDD419EB27664648B7EC232 /* WelcomTalkUITests */,
			);
			sourceTree = "<group>";
		};
		1F1DBC8C2F5C266800D6E7D9 /* Products */ = {
			isa = PBXGroup;
			children = (
				1F1DBC8B2F5C266800D6E7D9 /* WelcomTalk.app */,
				AA9BD3EE0B47552B1F8DE3DF /* WelcomTalkUITests.xctest */,
			);
			name = Products;
			sourceTree = "<group>";
		};
		2E51A559F3A6DE6DE086C709 /* iOS */ = {
			isa = PBXGroup;
			children = (
				C6D48E00D57C23A5B07C64D1 /* Foundation.framework */,
			);
			name = iOS;
			sourceTree = "<group>";
		};
		334021AE14444FD80B0D2BC0 /* Frameworks */ = {
			isa = PBXGroup;
			children = (
				2E51A559F3A6DE6DE086C709 /* iOS */,
			);
			name = Frameworks;
			sourceTree = "<group>";
		};
		8CDD419EB27664648B7EC232 /* WelcomTalkUITests */ = {
			isa = PBXGroup;
			children = (
				5D49657A1EDE050C8A6A735F /* WelcomTalkUITests.swift */,
				9769D2DDC9726041DE15CBCB /* CreateSessionUITests.swift */,
				1DF09C87B3FD464BEDFF9E7A /* JoinSessionUITests.swift */,
				0961C025A448FB2D1A855E79 /* DemoSessionUITests.swift */,
			);
			path = WelcomTalkUITests;
			sourceTree = "<group>";
		};
/* End PBXGroup section */

/* Begin PBXNativeTarget section */
		1F1DBC8A2F5C266800D6E7D9 /* WelcomTalk */ = {
			isa = PBXNativeTarget;
			buildConfigurationList = 1F1DBC9C2F5C266C00D6E7D9 /* Build configuration list for PBXNativeTarget "WelcomTalk" */;
			buildPhases = (
				1F1DBC872F5C266800D6E7D9 /* Sources */,
				1F1DBC882F5C266800D6E7D9 /* Frameworks */,
				1F1DBC892F5C266800D6E7D9 /* Resources */,
			);
			buildRules = (
			);
			dependencies = (
			);
			fileSystemSynchronizedGroups = (
				1F1DBC8D2F5C266800D6E7D9 /* WelcomTalk */,
			);
			name = WelcomTalk;
			productName = WelcomTalk;
			productReference = 1F1DBC8B2F5C266800D6E7D9 /* WelcomTalk.app */;
			productType = "com.apple.product-type.application";
		};
		FB5E0149374B8EA9D98EDC98 /* WelcomTalkUITests */ = {
			isa = PBXNativeTarget;
			buildConfigurationList = BD4232CA086B0682286DE91C /* Build configuration list for PBXNativeTarget "WelcomTalkUITests" */;
			buildPhases = (
				12AF7FBE9B1A466233267ED7 /* Sources */,
				9E309753725376A4539E3EE6 /* Frameworks */,
				9BB4046E784AB5DE7CCCCD97 /* Resources */,
			);
			buildRules = (
			);
			dependencies = (
				714798082CD53AE1A4A4315A /* PBXTargetDependency */,
			);
			name = WelcomTalkUITests;
			productName = WelcomTalkUITests;
			productReference = AA9BD3EE0B47552B1F8DE3DF /* WelcomTalkUITests.xctest */;
			productType = "com.apple.product-type.bundle.ui-testing";
		};
/* End PBXNativeTarget section */

/* Begin PBXProject section */
		1F1DBC832F5C266800D6E7D9 /* Project object */ = {
			isa = PBXProject;
			attributes = {
				BuildIndependentTargetsInParallel = 1;
				LastSwiftUpdateCheck = 2630;
				LastUpgradeCheck = 2630;
				TargetAttributes = {
					1F1DBC8A2F5C266800D6E7D9 = {
						CreatedOnToolsVersion = 26.3;
					};
					FB5E0149374B8EA9D98EDC98 = {
						CreatedOnToolsVersion = 26.3;
						TestTargetID = 1F1DBC8A2F5C266800D6E7D9;
					};
				};
			};
			buildConfigurationList = 1F1DBC862F5C266800D6E7D9 /* Build configuration list for PBXProject "WelcomTalk" */;
			developmentRegion = en;
			hasScannedForEncodings = 0;
			knownRegions = (
				en,
				Base,
			);
			mainGroup = 1F1DBC822F5C266800D6E7D9;
			minimizedProjectReferenceProxies = 1;
			preferredProjectObjectVersion = 77;
			productRefGroup = 1F1DBC8C2F5C266800D6E7D9 /* Products */;
			projectDirPath = "";
			projectRoot = "";
			targets = (
				1F1DBC8A2F5C266800D6E7D9 /* WelcomTalk */,
				FB5E0149374B8EA9D98EDC98 /* WelcomTalkUITests */,
			);
		};
/* End PBXProject section */

/* Begin PBXResourcesBuildPhase section */
		1F1DBC892F5C266800D6E7D9 /* Resources */ = {
			isa = PBXResourcesBuildPhase;
			buildActionMask = 2147483647;
			files = (
			);
			runOnlyForDeploymentPostprocessing = 0;
		};
		9BB4046E784AB5DE7CCCCD97 /* Resources */ = {
			isa = PBXResourcesBuildPhase;
			buildActionMask = 2147483647;
			files = (
			);
			runOnlyForDeploymentPostprocessing = 0;
		};
/* End PBXResourcesBuildPhase section */

/* Begin PBXSourcesBuildPhase section */
		12AF7FBE9B1A466233267ED7 /* Sources */ = {
			isa = PBXSourcesBuildPhase;
			buildActionMask = 2147483647;
			files = (
				B8487E557152BA1567F248F4 /* WelcomTalkUITests.swift in Sources */,
				CB3EA88D6ADA36FDE5399B97 /* CreateSessionUITests.swift in Sources */,
				FE0F669B13D977F6D1B0AD56 /* JoinSessionUITests.swift in Sources */,
				DC149EA5777ABCF4A49216A1 /* DemoSessionUITests.swift in Sources */,
			);
			runOnlyForDeploymentPostprocessing = 0;
		};
		1F1DBC872F5C266800D6E7D9 /* Sources */ = {
			isa = PBXSourcesBuildPhase;
			buildActionMask = 2147483647;
			files = (
			);
			runOnlyForDeploymentPostprocessing = 0;
		};
/* End PBXSourcesBuildPhase section */

/* Begin PBXTargetDependency section */
		714798082CD53AE1A4A4315A /* PBXTargetDependency */ = {
			isa = PBXTargetDependency;
			target = 1F1DBC8A2F5C266800D6E7D9 /* WelcomTalk */;
			targetProxy = 58C053E3C8BB7D58B498ECE4 /* PBXContainerItemProxy */;
		};
/* End PBXTargetDependency section */

/* Begin XCBuildConfiguration section */
		1F1DBC9D2F5C266C00D6E7D9 /* Debug */ = {
			isa = XCBuildConfiguration;
			buildSettings = {
				ASSETCATALOG_COMPILER_APPICON_NAME = AppIcon;
				ASSETCATALOG_COMPILER_GLOBAL_ACCENT_COLOR_NAME = AccentColor;
				CODE_SIGN_ENTITLEMENTS = WelcomTalk/WelcomTalk.entitlements;
				CODE_SIGN_STYLE = Automatic;
				CURRENT_PROJECT_VERSION = 1;
				DEVELOPMENT_TEAM = 5CY5WTPYKZ;
				ENABLE_PREVIEWS = YES;
				GENERATE_INFOPLIST_FILE = NO;
				INFOPLIST_FILE = Config/Info.plist;
				INFOPLIST_KEY_CFBundleDisplayName = "Safe Talk";
				INFOPLIST_KEY_LSApplicationCategoryType = "public.app-category.business";
				INFOPLIST_KEY_NSCameraUsageDescription = "We need camera access to scan QR codes for joining negotiation sessions";
				INFOPLIST_KEY_NSMicrophoneUsageDescription = "WelcomTalk uses your microphone to transcribe your speaking turn so both parties can review a written record of the conversation.";
				INFOPLIST_KEY_NSSpeechRecognitionUsageDescription = "WelcomTalk transcribes each participant's speaking turn to produce a complete session log of the conversation.";
				INFOPLIST_KEY_UIApplicationSceneManifest_Generation = YES;
				INFOPLIST_KEY_UIApplicationSupportsIndirectInputEvents = YES;
				INFOPLIST_KEY_UILaunchScreen_Generation = YES;
				INFOPLIST_KEY_UISupportedInterfaceOrientations_iPad = "UIInterfaceOrientationPortrait UIInterfaceOrientationPortraitUpsideDown UIInterfaceOrientationLandscapeLeft UIInterfaceOrientationLandscapeRight";
				INFOPLIST_KEY_UISupportedInterfaceOrientations_iPhone = "UIInterfaceOrientationPortrait UIInterfaceOrientationLandscapeLeft UIInterfaceOrientationLandscapeRight";
				LD_RUNPATH_SEARCH_PATHS = (
					"$(inherited)",
					"@executable_path/Frameworks",
				);
				MARKETING_VERSION = 1.0;
				PRODUCT_BUNDLE_IDENTIFIER = com.waelio.WelcomTalk;
				PRODUCT_NAME = "$(TARGET_NAME)";
				STRING_CATALOG_GENERATE_SYMBOLS = YES;
				SWIFT_APPROACHABLE_CONCURRENCY = YES;
				SWIFT_DEFAULT_ACTOR_ISOLATION = MainActor;
				SWIFT_EMIT_LOC_STRINGS = YES;
				SWIFT_UPCOMING_FEATURE_MEMBER_IMPORT_VISIBILITY = YES;
				SWIFT_VERSION = 5.0;
				TARGETED_DEVICE_FAMILY = "1,2";
			};
			name = Debug;
		};
		1F1DBC9E2F5C266C00D6E7D9 /* Release */ = {
			isa = XCBuildConfiguration;
			buildSettings = {
				ASSETCATALOG_COMPILER_APPICON_NAME = AppIcon;
				ASSETCATALOG_COMPILER_GLOBAL_ACCENT_COLOR_NAME = AccentColor;
				CODE_SIGN_ENTITLEMENTS = WelcomTalk/WelcomTalk.entitlements;
				CODE_SIGN_STYLE = Automatic;
				CURRENT_PROJECT_VERSION = 1;
				DEVELOPMENT_TEAM = 5CY5WTPYKZ;
				ENABLE_PREVIEWS = YES;
				GENERATE_INFOPLIST_FILE = NO;
				INFOPLIST_FILE = Config/Info.plist;
				INFOPLIST_KEY_CFBundleDisplayName = "Safe Talk";
				INFOPLIST_KEY_LSApplicationCategoryType = "public.app-category.business";
				INFOPLIST_KEY_NSCameraUsageDescription = "We need camera access to scan QR codes for joining negotiation sessions";
				INFOPLIST_KEY_NSMicrophoneUsageDescription = "WelcomTalk uses your microphone to transcribe your speaking turn so both parties can review a written record of the conversation.";
				INFOPLIST_KEY_NSSpeechRecognitionUsageDescription = "WelcomTalk transcribes each participant's speaking turn to produce a complete session log of the conversation.";
				INFOPLIST_KEY_UIApplicationSceneManifest_Generation = YES;
				INFOPLIST_KEY_UIApplicationSupportsIndirectInputEvents = YES;
				INFOPLIST_KEY_UILaunchScreen_Generation = YES;
				INFOPLIST_KEY_UISupportedInterfaceOrientations_iPad = "UIInterfaceOrientationPortrait UIInterfaceOrientationPortraitUpsideDown UIInterfaceOrientationLandscapeLeft UIInterfaceOrientationLandscapeRight";
				INFOPLIST_KEY_UISupportedInterfaceOrientations_iPhone = "UIInterfaceOrientationPortrait UIInterfaceOrientationLandscapeLeft UIInterfaceOrientationLandscapeRight";
				LD_RUNPATH_SEARCH_PATHS = (
					"$(inherited)",
					"@executable_path/Frameworks",
				);
				MARKETING_VERSION = 1.0;
				PRODUCT_BUNDLE_IDENTIFIER = com.waelio.WelcomTalk;
				PRODUCT_NAME = "$(TARGET_NAME)";
				STRING_CATALOG_GENERATE_SYMBOLS = YES;
				SWIFT_APPROACHABLE_CONCURRENCY = YES;
				SWIFT_DEFAULT_ACTOR_ISOLATION = MainActor;
				SWIFT_EMIT_LOC_STRINGS = YES;
				SWIFT_UPCOMING_FEATURE_MEMBER_IMPORT_VISIBILITY = YES;
				SWIFT_VERSION = 5.0;
				TARGETED_DEVICE_FAMILY = "1,2";
			};
			name = Release;
		};
		1F1DBC9F2F5C266C00D6E7D9 /* Debug */ = {
			isa = XCBuildConfiguration;
			buildSettings = {
				ALWAYS_SEARCH_USER_PATHS = NO;
				ASSETCATALOG_COMPILER_GENERATE_SWIFT_ASSET_SYMBOL_EXTENSIONS = YES;
				CLANG_ANALYZER_NONNULL = YES;
				CLANG_ANALYZER_NUMBER_OBJECT_CONVERSION = YES_AGGRESSIVE;
				CLANG_CXX_LANGUAGE_STANDARD = "gnu++20";
				CLANG_ENABLE_MODULES = YES;
				CLANG_ENABLE_OBJC_ARC = YES;
				CLANG_ENABLE_OBJC_WEAK = YES;
				CLANG_WARN_BLOCK_CAPTURE_AUTORELEASING = YES;
				CLANG_WARN_BOOL_CONVERSION = YES;
				CLANG_WARN_COMMA = YES;
				CLANG_WARN_CONSTANT_CONVERSION = YES;
				CLANG_WARN_DEPRECATED_OBJC_IMPLEMENTATIONS = YES;
				CLANG_WARN_DIRECT_OBJC_ISA_USAGE = YES_ERROR;
				CLANG_WARN_DOCUMENTATION_COMMENTS = YES;
				CLANG_WARN_EMPTY_BODY = YES;
				CLANG_WARN_ENUM_CONVERSION = YES;
				CLANG_WARN_INFINITE_RECURSION = YES;
				CLANG_WARN_INT_CONVERSION = YES;
				CLANG_WARN_NON_LITERAL_NULL_CONVERSION = YES;
				CLANG_WARN_OBJC_IMPLICIT_RETAIN_SELF = YES;
				CLANG_WARN_OBJC_LITERAL_CONVERSION = YES;
				CLANG_WARN_OBJC_ROOT_CLASS = YES_ERROR;
				CLANG_WARN_QUOTED_INCLUDE_IN_FRAMEWORK_HEADER = YES;
				CLANG_WARN_RANGE_LOOP_ANALYSIS = YES;
				CLANG_WARN_STRICT_PROTOTYPES = YES;
				CLANG_WARN_SUSPICIOUS_MOVE = YES;
				CLANG_WARN_UNGUARDED_AVAILABILITY = YES_AGGRESSIVE;
				CLANG_WARN_UNREACHABLE_CODE = YES;
				CLANG_WARN__DUPLICATE_METHOD_MATCH = YES;
				COPY_PHASE_STRIP = NO;
				DEBUG_INFORMATION_FORMAT = dwarf;
				DEVELOPMENT_TEAM = 5CY5WTPYKZ;
				ENABLE_STRICT_OBJC_MSGSEND = YES;
				ENABLE_TESTABILITY = YES;
				ENABLE_USER_SCRIPT_SANDBOXING = YES;
				GCC_C_LANGUAGE_STANDARD = gnu17;
				GCC_DYNAMIC_NO_PIC = NO;
				GCC_NO_COMMON_BLOCKS = YES;
				GCC_OPTIMIZATION_LEVEL = 0;
				GCC_PREPROCESSOR_DEFINITIONS = (
					"DEBUG=1",
					"$(inherited)",
				);
				GCC_WARN_64_TO_32_BIT_CONVERSION = YES;
				GCC_WARN_ABOUT_RETURN_TYPE = YES_ERROR;
				GCC_WARN_UNDECLARED_SELECTOR = YES;
				GCC_WARN_UNINITIALIZED_AUTOS = YES_AGGRESSIVE;
				GCC_WARN_UNUSED_FUNCTION = YES;
				GCC_WARN_UNUSED_VARIABLE = YES;
				IPHONEOS_DEPLOYMENT_TARGET = 26.2;
				LOCALIZATION_PREFERS_STRING_CATALOGS = YES;
				MTL_ENABLE_DEBUG_INFO = INCLUDE_SOURCE;
				MTL_FAST_MATH = YES;
				ONLY_ACTIVE_ARCH = YES;
				SDKROOT = iphoneos;
				SWIFT_ACTIVE_COMPILATION_CONDITIONS = "DEBUG $(inherited)";
				SWIFT_OPTIMIZATION_LEVEL = "-Onone";
			};
			name = Debug;
		};
		1F1DBCA02F5C266C00D6E7D9 /* Release */ = {
			isa = XCBuildConfiguration;
			buildSettings = {
				ALWAYS_SEARCH_USER_PATHS = NO;
				ASSETCATALOG_COMPILER_GENERATE_SWIFT_ASSET_SYMBOL_EXTENSIONS = YES;
				CLANG_ANALYZER_NONNULL = YES;
				CLANG_ANALYZER_NUMBER_OBJECT_CONVERSION = YES_AGGRESSIVE;
				CLANG_CXX_LANGUAGE_STANDARD = "gnu++20";
				CLANG_ENABLE_MODULES = YES;
				CLANG_ENABLE_OBJC_ARC = YES;
				CLANG_ENABLE_OBJC_WEAK = YES;
				CLANG_WARN_BLOCK_CAPTURE_AUTORELEASING = YES;
				CLANG_WARN_BOOL_CONVERSION = YES;
				CLANG_WARN_COMMA = YES;
				CLANG_WARN_CONSTANT_CONVERSION = YES;
				CLANG_WARN_DEPRECATED_OBJC_IMPLEMENTATIONS = YES;
				CLANG_WARN_DIRECT_OBJC_ISA_USAGE = YES_ERROR;
				CLANG_WARN_DOCUMENTATION_COMMENTS = YES;
				CLANG_WARN_EMPTY_BODY = YES;
				CLANG_WARN_ENUM_CONVERSION = YES;
				CLANG_WARN_INFINITE_RECURSION = YES;
				CLANG_WARN_INT_CONVERSION = YES;
				CLANG_WARN_NON_LITERAL_NULL_CONVERSION = YES;
				CLANG_WARN_OBJC_IMPLICIT_RETAIN_SELF = YES;
				CLANG_WARN_OBJC_LITERAL_CONVERSION = YES;
				CLANG_WARN_OBJC_ROOT_CLASS = YES_ERROR;
				CLANG_WARN_QUOTED_INCLUDE_IN_FRAMEWORK_HEADER = YES;
				CLANG_WARN_RANGE_LOOP_ANALYSIS = YES;
				CLANG_WARN_STRICT_PROTOTYPES = YES;
				CLANG_WARN_SUSPICIOUS_MOVE = YES;
				CLANG_WARN_UNGUARDED_AVAILABILITY = YES_AGGRESSIVE;
				CLANG_WARN_UNREACHABLE_CODE = YES;
				CLANG_WARN__DUPLICATE_METHOD_MATCH = YES;
				COPY_PHASE_STRIP = NO;
				DEBUG_INFORMATION_FORMAT = "dwarf-with-dsym";
				DEVELOPMENT_TEAM = 5CY5WTPYKZ;
				ENABLE_NS_ASSERTIONS = NO;
				ENABLE_STRICT_OBJC_MSGSEND = YES;
				ENABLE_USER_SCRIPT_SANDBOXING = YES;
				GCC_C_LANGUAGE_STANDARD = gnu17;
				GCC_NO_COMMON_BLOCKS = YES;
				GCC_WARN_64_TO_32_BIT_CONVERSION = YES;
				GCC_WARN_ABOUT_RETURN_TYPE = YES_ERROR;
				GCC_WARN_UNDECLARED_SELECTOR = YES;
				GCC_WARN_UNINITIALIZED_AUTOS = YES_AGGRESSIVE;
				GCC_WARN_UNUSED_FUNCTION = YES;
				GCC_WARN_UNUSED_VARIABLE = YES;
				IPHONEOS_DEPLOYMENT_TARGET = 26.2;
				LOCALIZATION_PREFERS_STRING_CATALOGS = YES;
				MTL_ENABLE_DEBUG_INFO = NO;
				MTL_FAST_MATH = YES;
				SDKROOT = iphoneos;
				SWIFT_COMPILATION_MODE = wholemodule;
				VALIDATE_PRODUCT = YES;
			};
			name = Release;
		};
		7146EADE2EC2FACD30155793 /* Release */ = {
			isa = XCBuildConfiguration;
			buildSettings = {
				CODE_SIGN_STYLE = Automatic;
				DEVELOPMENT_TEAM = 5CY5WTPYKZ;
				INFOPLIST_FILE = "WelcomTalkUITests/WelcomTalkUITests-Info.plist";
				LD_RUNPATH_SEARCH_PATHS = (
					"$(inherited)",
					"@executable_path/Frameworks",
					"@loader_path/Frameworks",
				);
				PRODUCT_BUNDLE_IDENTIFIER = com.waelio.WelcomTalkUITests;
				PRODUCT_NAME = WelcomTalkUITests;
				SWIFT_APPROACHABLE_CONCURRENCY = YES;
				SWIFT_DEFAULT_ACTOR_ISOLATION = MainActor;
				SWIFT_VERSION = 5.0;
				TARGETED_DEVICE_FAMILY = "1,2";
				TEST_TARGET_APPLICATION_BUNDLE_IDENTIFIER = com.waelio.WelcomTalk;
				VALIDATE_PRODUCT = YES;
			};
			name = Release;
		};
		C075E146838390531A4B34E9 /* Debug */ = {
			isa = XCBuildConfiguration;
			buildSettings = {
				CODE_SIGN_STYLE = Automatic;
				DEVELOPMENT_TEAM = 5CY5WTPYKZ;
				INFOPLIST_FILE = "WelcomTalkUITests/WelcomTalkUITests-Info.plist";
				LD_RUNPATH_SEARCH_PATHS = (
					"$(inherited)",
					"@executable_path/Frameworks",
					"@loader_path/Frameworks",
				);
				PRODUCT_BUNDLE_IDENTIFIER = com.waelio.WelcomTalkUITests;
				PRODUCT_NAME = WelcomTalkUITests;
				SWIFT_APPROACHABLE_CONCURRENCY = YES;
				SWIFT_DEFAULT_ACTOR_ISOLATION = MainActor;
				SWIFT_VERSION = 5.0;
				TARGETED_DEVICE_FAMILY = "1,2";
				TEST_TARGET_APPLICATION_BUNDLE_IDENTIFIER = com.waelio.WelcomTalk;
			};
			name = Debug;
		};
/* End XCBuildConfiguration section */

/* Begin XCConfigurationList section */
		1F1DBC862F5C266800D6E7D9 /* Build configuration list for PBXProject "WelcomTalk" */ = {
			isa = XCConfigurationList;
			buildConfigurations = (
				1F1DBC9F2F5C266C00D6E7D9 /* Debug */,
				1F1DBCA02F5C266C00D6E7D9 /* Release */,
			);
			defaultConfigurationIsVisible = 0;
			defaultConfigurationName = Release;
		};
		1F1DBC9C2F5C266C00D6E7D9 /* Build configuration list for PBXNativeTarget "WelcomTalk" */ = {
			isa = XCConfigurationList;
			buildConfigurations = (
				1F1DBC9D2F5C266C00D6E7D9 /* Debug */,
				1F1DBC9E2F5C266C00D6E7D9 /* Release */,
			);
			defaultConfigurationIsVisible = 0;
			defaultConfigurationName = Release;
		};
		BD4232CA086B0682286DE91C /* Build configuration list for PBXNativeTarget "WelcomTalkUITests" */ = {
			isa = XCConfigurationList;
			buildConfigurations = (
				7146EADE2EC2FACD30155793 /* Release */,
				C075E146838390531A4B34E9 /* Debug */,
			);
			defaultConfigurationIsVisible = 0;
			defaultConfigurationName = Release;
		};
/* End XCConfigurationList section */
	};
	rootObject = 1F1DBC832F5C266800D6E7D9 /* Project object */;
}
